
Microsoft Visual Studio Solution File, Format Version 12.00
# Visual Studio Version 17
VisualStudioVersion = 17.14.36518.9 d17.14
MinimumVisualStudioVersion = 10.0.40219.1
Project("{FAE04EC0-301F-11D3-BF4B-00C04F79EFBC}") = "NDISPortal.API", "NDISPortal.API\NDISPortal.API.csproj", "{C2DDC220-A7B9-424B-9CBF-3A5B15239B30}"
EndProject
Global
	GlobalSection(SolutionConfigurationPlatforms) = preSolution
		Debug|Any CPU = Debug|Any CPU
		Release|Any CPU = Release|Any CPU
	EndGlobalSection
	GlobalSection(ProjectConfigurationPlatforms) = postSolution
		{C2DDC220-A7B9-424B-9CBF-3A5B15239B30}.Debug|Any CPU.ActiveCfg = Debug|Any CPU
		{C2DDC220-A7B9-424B-9CBF-3A5B15239B30}.Debug|Any CPU.Build.0 = Debug|Any CPU
		{C2DDC220-A7B9-424B-9CBF-3A5B15239B30}.Release|Any CPU.ActiveCfg = Release|Any CPU
		{C2DDC220-A7B9-424B-9CBF-3A5B15239B30}.Release|Any CPU.Build.0 = Release|Any CPU
	EndGlobalSection
	GlobalSection(SolutionProperties) = preSolution
		HideSolutionNode = FALSE
	EndGlobalSection
	GlobalSection(ExtensibilityGlobals) = postSolution
		SolutionGuid = {F3FC3DFC-77B0-417C-995B-290F258C8A65}
	EndGlobalSection
EndGlobal
