
Microsoft Visual Studio Solution File, Format Version 12.00
# Visual Studio Version 17
VisualStudioVersion = 17.14.36518.9 d17.14
MinimumVisualStudioVersion = 10.0.40219.1
Project("{FAE04EC0-301F-11D3-BF4B-00C04F79EFBC}") = "NdisPortal.BookingsApi", "NdisPortal.BookingsApi\NdisPortal.BookingsApi.csproj", "{43ED1044-94E1-419B-9B73-767CF48647FC}"
EndProject
Global
	GlobalSection(SolutionConfigurationPlatforms) = preSolution
		Debug|Any CPU = Debug|Any CPU
		Release|Any CPU = Release|Any CPU
	EndGlobalSection
	GlobalSection(ProjectConfigurationPlatforms) = postSolution
		{43ED1044-94E1-419B-9B73-767CF48647FC}.Debug|Any CPU.ActiveCfg = Debug|Any CPU
		{43ED1044-94E1-419B-9B73-767CF48647FC}.Debug|Any CPU.Build.0 = Debug|Any CPU
		{43ED1044-94E1-419B-9B73-767CF48647FC}.Release|Any CPU.ActiveCfg = Release|Any CPU
		{43ED1044-94E1-419B-9B73-767CF48647FC}.Release|Any CPU.Build.0 = Release|Any CPU
	EndGlobalSection
	GlobalSection(SolutionProperties) = preSolution
		HideSolutionNode = FALSE
	EndGlobalSection
	GlobalSection(ExtensibilityGlobals) = postSolution
		SolutionGuid = {DD559860-252C-4940-86F5-AD5D4D52132E}
	EndGlobalSection
EndGlobal
